
Microsoft Visual Studio Solution File, Format Version 12.00
# Visual Studio Version 17
VisualStudioVersion = 17.11.35431.28
MinimumVisualStudioVersion = 10.0.40219.1
Project("{8BC9CEB8-8B4A-11D0-8D11-00A0C91BC942}") = "Лаба №21 Алг. Практ", "..\Лаба №21 Алг. Практ\Лаба №21 Алг. Практ.vcxproj", "{1693399F-D28A-4DE5-A0B7-980BD54EC822}"
EndProject
Global
	GlobalSection(SolutionConfigurationPlatforms) = preSolution
		Debug|x64 = Debug|x64
		Debug|x86 = Debug|x86
		Release|x64 = Release|x64
		Release|x86 = Release|x86
	EndGlobalSection
	GlobalSection(ProjectConfigurationPlatforms) = postSolution
		{1693399F-D28A-4DE5-A0B7-980BD54EC822}.Debug|x64.ActiveCfg = Debug|x64
		{1693399F-D28A-4DE5-A0B7-980BD54EC822}.Debug|x64.Build.0 = Debug|x64
		{1693399F-D28A-4DE5-A0B7-980BD54EC822}.Debug|x86.ActiveCfg = Debug|Win32
		{1693399F-D28A-4DE5-A0B7-980BD54EC822}.Debug|x86.Build.0 = Debug|Win32
		{1693399F-D28A-4DE5-A0B7-980BD54EC822}.Release|x64.ActiveCfg = Release|x64
		{1693399F-D28A-4DE5-A0B7-980BD54EC822}.Release|x64.Build.0 = Release|x64
		{1693399F-D28A-4DE5-A0B7-980BD54EC822}.Release|x86.ActiveCfg = Release|Win32
		{1693399F-D28A-4DE5-A0B7-980BD54EC822}.Release|x86.Build.0 = Release|Win32
	EndGlobalSection
	GlobalSection(SolutionProperties) = preSolution
		HideSolutionNode = FALSE
	EndGlobalSection
	GlobalSection(ExtensibilityGlobals) = postSolution
		SolutionGuid = {06216F99-D239-4772-B547-FB2F4E60D005}
	EndGlobalSection
EndGlobal
